
Microsoft Visual Studio Solution File, Format Version 12.00
# Visual Studio 14
VisualStudioVersion = 14.0.23107.0
MinimumVisualStudioVersion = 10.0.40219.1
Project("{FAE04EC0-301F-11D3-BF4B-00C04F79EFBC}") = "IMSClient", "IMSClient\IMSClient.csproj", "{F9544E79-5227-466F-85C0-91837066086D}"
EndProject
Project("{FAE04EC0-301F-11D3-BF4B-00C04F79EFBC}") = "IMSClient.Droid", "Droid\IMSClient.Droid.csproj", "{054BC637-DEE5-4202-BB5D-6939B2020911}"
EndProject
Project("{FAE04EC0-301F-11D3-BF4B-00C04F79EFBC}") = "IMSClient.UITests", "UITests\IMSClient.UITests.csproj", "{08CBDF4D-6A26-45AC-946A-43DF9EEDFE59}"
EndProject
Global
	GlobalSection(SolutionConfigurationPlatforms) = preSolution
		Debug|Any CPU = Debug|Any CPU
		Release|Any CPU = Release|Any CPU
	EndGlobalSection
	GlobalSection(ProjectConfigurationPlatforms) = postSolution
		{F9544E79-5227-466F-85C0-91837066086D}.Debug|Any CPU.ActiveCfg = Debug|Any CPU
		{F9544E79-5227-466F-85C0-91837066086D}.Debug|Any CPU.Build.0 = Debug|Any CPU
		{F9544E79-5227-466F-85C0-91837066086D}.Release|Any CPU.ActiveCfg = Release|Any CPU
		{F9544E79-5227-466F-85C0-91837066086D}.Release|Any CPU.Build.0 = Release|Any CPU
		{054BC637-DEE5-4202-BB5D-6939B2020911}.Debug|Any CPU.ActiveCfg = Debug|Any CPU
		{054BC637-DEE5-4202-BB5D-6939B2020911}.Debug|Any CPU.Build.0 = Debug|Any CPU
		{054BC637-DEE5-4202-BB5D-6939B2020911}.Debug|Any CPU.Deploy.0 = Debug|Any CPU
		{054BC637-DEE5-4202-BB5D-6939B2020911}.Release|Any CPU.ActiveCfg = Release|Any CPU
		{054BC637-DEE5-4202-BB5D-6939B2020911}.Release|Any CPU.Build.0 = Release|Any CPU
		{08CBDF4D-6A26-45AC-946A-43DF9EEDFE59}.Debug|Any CPU.ActiveCfg = Debug|Any CPU
		{08CBDF4D-6A26-45AC-946A-43DF9EEDFE59}.Debug|Any CPU.Build.0 = Debug|Any CPU
		{08CBDF4D-6A26-45AC-946A-43DF9EEDFE59}.Release|Any CPU.ActiveCfg = Release|Any CPU
		{08CBDF4D-6A26-45AC-946A-43DF9EEDFE59}.Release|Any CPU.Build.0 = Release|Any CPU
	EndGlobalSection
	GlobalSection(SolutionProperties) = preSolution
		HideSolutionNode = FALSE
	EndGlobalSection
EndGlobal
